// !$*UTF8*$!
{
	archiveVersion = 1;
	classes = {
	};
	objectVersion = 55;
	objects = {

/* Begin PBXBuildFile section */
		8442FF0C28E2C9E7003B2E2D /* AppDelegate.swift in Sources */ = {isa = PBXBuildFile; fileRef = 8442FF0B28E2C9E7003B2E2D /* AppDelegate.swift */; };
		8442FF0E28E2C9E7003B2E2D /* SceneDelegate.swift in Sources */ = {isa = PBXBuildFile; fileRef = 8442FF0D28E2C9E7003B2E2D /* SceneDelegate.swift */; };
		8442FF1028E2C9E7003B2E2D /* ViewController.swift in Sources */ = {isa = PBXBuildFile; fileRef = 8442FF0F28E2C9E7003B2E2D /* ViewController.swift */; };
		8442FF1328E2C9E7003B2E2D /* Main.storyboard in Resources */ = {isa = PBXBuildFile; fileRef = 8442FF1128E2C9E7003B2E2D /* Main.storyboard */; };
		8442FF1528E2C9E9003B2E2D /* Assets.xcassets in Resources */ = {isa = PBXBuildFile; fileRef = 8442FF1428E2C9E9003B2E2D /* Assets.xcassets */; };
		8442FF1828E2C9E9003B2E2D /* LaunchScreen.storyboard in Resources */ = {isa = PBXBuildFile; fileRef = 8442FF1628E2C9E9003B2E2D /* LaunchScreen.storyboard */; };
		B2C416338925ED4D4112E1EE /* Pods_swiftlintdemo.framework in Frameworks */ = {isa = PBXBuildFile; fileRef = A37015411BDF6B9073C296AA /* Pods_swiftlintdemo.framework */; };
/* End PBXBuildFile section */

/* Begin PBXFileReference section */
		4B00F7A5057EF29F91A1BF64 /* Pods-swiftlintdemo.release.xcconfig */ = {isa = PBXFileReference; includeInIndex = 1; lastKnownFileType = text.xcconfig; name = "Pods-swiftlintdemo.release.xcconfig"; path = "Target Support Files/Pods-swiftlintdemo/Pods-swiftlintdemo.release.xcconfig"; sourceTree = "<group>"; };
		8442FF0828E2C9E7003B2E2D /* swiftlintdemo.app */ = {isa = PBXFileReference; explicitFileType = wrapper.application; includeInIndex = 0; path = swiftlintdemo.app; sourceTree = BUILT_PRODUCTS_DIR; };
		8442FF0B28E2C9E7003B2E2D /* AppDelegate.swift */ = {isa = PBXFileReference; lastKnownFileType = sourcecode.swift; path = AppDelegate.swift; sourceTree = "<group>"; };
		8442FF0D28E2C9E7003B2E2D /* SceneDelegate.swift */ = {isa = PBXFileReference; lastKnownFileType = sourcecode.swift; path = SceneDelegate.swift; sourceTree = "<group>"; };
		8442FF0F28E2C9E7003B2E2D /* ViewController.swift */ = {isa = PBXFileReference; lastKnownFileType = sourcecode.swift; path = ViewController.swift; sourceTree = "<group>"; };
		8442FF1228E2C9E7003B2E2D /* Base */ = {isa = PBXFileReference; lastKnownFileType = file.storyboard; name = Base; path = Base.lproj/Main.storyboard; sourceTree = "<group>"; };
		8442FF1428E2C9E9003B2E2D /* Assets.xcassets */ = {isa = PBXFileReference; lastKnownFileType = folder.assetcatalog; path = Assets.xcassets; sourceTree = "<group>"; };
		8442FF1728E2C9E9003B2E2D /* Base */ = {isa = PBXFileReference; lastKnownFileType = file.storyboard; name = Base; path = Base.lproj/LaunchScreen.storyboard; sourceTree = "<group>"; };
		8442FF1928E2C9E9003B2E2D /* Info.plist */ = {isa = PBXFileReference; lastKnownFileType = text.plist.xml; path = Info.plist; sourceTree = "<group>"; };
		99DD590B6AEE938BE59F368C /* Pods-swiftlintdemo.debug.xcconfig */ = {isa = PBXFileReference; includeInIndex = 1; lastKnownFileType = text.xcconfig; name = "Pods-swiftlintdemo.debug.xcconfig"; path = "Target Support Files/Pods-swiftlintdemo/Pods-swiftlintdemo.debug.xcconfig"; sourceTree = "<group>"; };
		A37015411BDF6B9073C296AA /* Pods_swiftlintdemo.framework */ = {isa = PBXFileReference; explicitFileType = wrapper.framework; includeInIndex = 0; path = Pods_swiftlintdemo.framework; sourceTree = BUILT_PRODUCTS_DIR; };
/* End PBXFileReference section */

/* Begin PBXFrameworksBuildPhase section */
		8442FF0528E2C9E7003B2E2D /* Frameworks */ = {
			isa = PBXFrameworksBuildPhase;
			buildActionMask = 2147483647;
			files = (
				B2C416338925ED4D4112E1EE /* Pods_swiftlintdemo.framework in Frameworks */,
			);
			runOnlyForDeploymentPostprocessing = 0;
		};
/* End PBXFrameworksBuildPhase section */

/* Begin PBXGroup section */
		4AE93A2D34D38FE504177C31 /* Frameworks */ = {
			isa = PBXGroup;
			children = (
				A37015411BDF6B9073C296AA /* Pods_swiftlintdemo.framework */,
			);
			name = Frameworks;
			sourceTree = "<group>";
		};
		8442FEFF28E2C9E7003B2E2D = {
			isa = PBXGroup;
			children = (
				8442FF0A28E2C9E7003B2E2D /* swiftlintdemo */,
				8442FF0928E2C9E7003B2E2D /* Products */,
				9A76CF62B1E5136D4719455E /* Pods */,
				4AE93A2D34D38FE504177C31 /* Frameworks */,
			);
			sourceTree = "<group>";
		};
		8442FF0928E2C9E7003B2E2D /* Products */ = {
			isa = PBXGroup;
			children = (
				8442FF0828E2C9E7003B2E2D /* swiftlintdemo.app */,
			);
			name = Products;
			sourceTree = "<group>";
		};
		8442FF0A28E2C9E7003B2E2D /* swiftlintdemo */ = {
			isa = PBXGroup;
			children = (
				8442FF0B28E2C9E7003B2E2D /* AppDelegate.swift */,
				8442FF0D28E2C9E7003B2E2D /* SceneDelegate.swift */,
				8442FF0F28E2C9E7003B2E2D /* ViewController.swift */,
				8442FF1128E2C9E7003B2E2D /* Main.storyboard */,
				8442FF1428E2C9E9003B2E2D /* Assets.xcassets */,
				8442FF1628E2C9E9003B2E2D /* LaunchScreen.storyboard */,
				8442FF1928E2C9E9003B2E2D /* Info.plist */,
			);
			path = swiftlintdemo;
			sourceTree = "<group>";
		};
		9A76CF62B1E5136D4719455E /* Pods */ = {
			isa = PBXGroup;
			children = (
				99DD590B6AEE938BE59F368C /* Pods-swiftlintdemo.debug.xcconfig */,
				4B00F7A5057EF29F91A1BF64 /* Pods-swiftlintdemo.release.xcconfig */,
			);
			path = Pods;
			sourceTree = "<group>";
		};
/* End PBXGroup section */

/* Begin PBXNativeTarget section */
		8442FF0728E2C9E7003B2E2D /* swiftlintdemo */ = {
			isa = PBXNativeTarget;
			buildConfigurationList = 8442FF1C28E2C9E9003B2E2D /* Build configuration list for PBXNativeTarget "swiftlintdemo" */;
			buildPhases = (
				3EA43156CA88A17E131D58E0 /* [CP] Check Pods Manifest.lock */,
				8442FF1F28E2CB34003B2E2D /* ShellScript */,
				8442FF0428E2C9E7003B2E2D /* Sources */,
				8442FF0528E2C9E7003B2E2D /* Frameworks */,
				8442FF0628E2C9E7003B2E2D /* Resources */,
			);
			buildRules = (
			);
			dependencies = (
			);
			name = swiftlintdemo;
			productName = swiftlintdemo;
			productReference = 8442FF0828E2C9E7003B2E2D /* swiftlintdemo.app */;
			productType = "com.apple.product-type.application";
		};
/* End PBXNativeTarget section */

/* Begin PBXProject section */
		8442FF0028E2C9E7003B2E2D /* Project object */ = {
			isa = PBXProject;
			attributes = {
				BuildIndependentTargetsInParallel = 1;
				LastSwiftUpdateCheck = 1310;
				LastUpgradeCheck = 1310;
				TargetAttributes = {
					8442FF0728E2C9E7003B2E2D = {
						CreatedOnToolsVersion = 13.1;
					};
				};
			};
			buildConfigurationList = 8442FF0328E2C9E7003B2E2D /* Build configuration list for PBXProject "swiftlintdemo" */;
			compatibilityVersion = "Xcode 13.0";
			developmentRegion = en;
			hasScannedForEncodings = 0;
			knownRegions = (
				en,
				Base,
			);
			mainGroup = 8442FEFF28E2C9E7003B2E2D;
			productRefGroup = 8442FF0928E2C9E7003B2E2D /* Products */;
			projectDirPath = "";
			projectRoot = "";
			targets = (
				8442FF0728E2C9E7003B2E2D /* swiftlintdemo */,
			);
		};
/* End PBXProject section */

/* Begin PBXResourcesBuildPhase section */
		8442FF0628E2C9E7003B2E2D /* Resources */ = {
			isa = PBXResourcesBuildPhase;
			buildActionMask = 2147483647;
			files = (
				8442FF1828E2C9E9003B2E2D /* LaunchScreen.storyboard in Resources */,
				8442FF1528E2C9E9003B2E2D /* Assets.xcassets in Resources */,
				8442FF1328E2C9E7003B2E2D /* Main.storyboard in Resources */,
			);
			runOnlyForDeploymentPostprocessing = 0;
		};
/* End PBXResourcesBuildPhase section */

/* Begin PBXShellScriptBuildPhase section */
		3EA43156CA88A17E131D58E0 /* [CP] Check Pods Manifest.lock */ = {
			isa = PBXShellScriptBuildPhase;
			buildActionMask = 2147483647;
			files = (
			);
			inputFileListPaths = (
			);
			inputPaths = (
				"${PODS_PODFILE_DIR_PATH}/Podfile.lock",
				"${PODS_ROOT}/Manifest.lock",
			);
			name = "[CP] Check Pods Manifest.lock";
			outputFileListPaths = (
			);
			outputPaths = (
				"$(DERIVED_FILE_DIR)/Pods-swiftlintdemo-checkManifestLockResult.txt",
			);
			runOnlyForDeploymentPostprocessing = 0;
			shellPath = /bin/sh;
			shellScript = "diff \"${PODS_PODFILE_DIR_PATH}/Podfile.lock\" \"${PODS_ROOT}/Manifest.lock\" > /dev/null\nif [ $? != 0 ] ; then\n    # print error to STDERR\n    echo \"error: The sandbox is not in sync with the Podfile.lock. Run 'pod install' or update your CocoaPods installation.\" >&2\n    exit 1\nfi\n# This output is used by Xcode 'outputs' to avoid re-running this script phase.\necho \"SUCCESS\" > \"${SCRIPT_OUTPUT_FILE_0}\"\n";
			showEnvVarsInLog = 0;
		};
		8442FF1F28E2CB34003B2E2D /* ShellScript */ = {
			isa = PBXShellScriptBuildPhase;
			buildActionMask = 12;
			files = (
			);
			inputFileListPaths = (
			);
			inputPaths = (
			);
			outputFileListPaths = (
			);
			outputPaths = (
			);
			runOnlyForDeploymentPostprocessing = 0;
			shellPath = /bin/sh;
			shellScript = "\"${PODS_ROOT}/SwiftLint/swiftlint\"\n";
		};
/* End PBXShellScriptBuildPhase section */

/* Begin PBXSourcesBuildPhase section */
		8442FF0428E2C9E7003B2E2D /* Sources */ = {
			isa = PBXSourcesBuildPhase;
			buildActionMask = 2147483647;
			files = (
				8442FF1028E2C9E7003B2E2D /* ViewController.swift in Sources */,
				8442FF0C28E2C9E7003B2E2D /* AppDelegate.swift in Sources */,
				8442FF0E28E2C9E7003B2E2D /* SceneDelegate.swift in Sources */,
			);
			runOnlyForDeploymentPostprocessing = 0;
		};
/* End PBXSourcesBuildPhase section */

/* Begin PBXVariantGroup section */
		8442FF1128E2C9E7003B2E2D /* Main.storyboard */ = {
			isa = PBXVariantGroup;
			children = (
				8442FF1228E2C9E7003B2E2D /* Base */,
			);
			name = Main.storyboard;
			sourceTree = "<group>";
		};
		8442FF1628E2C9E9003B2E2D /* LaunchScreen.storyboard */ = {
			isa = PBXVariantGroup;
			children = (
				8442FF1728E2C9E9003B2E2D /* Base */,
			);
			name = LaunchScreen.storyboard;
			sourceTree = "<group>";
		};
/* End PBXVariantGroup section */

/* Begin XCBuildConfiguration section */
		8442FF1A28E2C9E9003B2E2D /* Debug */ = {
			isa = XCBuildConfiguration;
			buildSettings = {
				ALWAYS_SEARCH_USER_PATHS = NO;
				CLANG_ANALYZER_NONNULL = YES;
				CLANG_ANALYZER_NUMBER_OBJECT_CONVERSION = YES_AGGRESSIVE;
				CLANG_CXX_LANGUAGE_STANDARD = "gnu++17";
				CLANG_CXX_LIBRARY = "libc++";
				CLANG_ENABLE_MODULES = YES;
				CLANG_ENABLE_OBJC_ARC = YES;
				CLANG_ENABLE_OBJC_WEAK = YES;
				CLANG_WARN_BLOCK_CAPTURE_AUTORELEASING = YES;
				CLANG_WARN_BOOL_CONVERSION = YES;
				CLANG_WARN_COMMA = YES;
				CLANG_WARN_CONSTANT_CONVERSION = YES;
				CLANG_WARN_DEPRECATED_OBJC_IMPLEMENTATIONS = YES;
				CLANG_WARN_DIRECT_OBJC_ISA_USAGE = YES_ERROR;
				CLANG_WARN_DOCUMENTATION_COMMENTS = YES;
				CLANG_WARN_EMPTY_BODY = YES;
				CLANG_WARN_ENUM_CONVERSION = YES;
				CLANG_WARN_INFINITE_RECURSION = YES;
				CLANG_WARN_INT_CONVERSION = YES;
				CLANG_WARN_NON_LITERAL_NULL_CONVERSION = YES;
				CLANG_WARN_OBJC_IMPLICIT_RETAIN_SELF = YES;
				CLANG_WARN_OBJC_LITERAL_CONVERSION = YES;
				CLANG_WARN_OBJC_ROOT_CLASS = YES_ERROR;
				CLANG_WARN_QUOTED_INCLUDE_IN_FRAMEWORK_HEADER = YES;
				CLANG_WARN_RANGE_LOOP_ANALYSIS = YES;
				CLANG_WARN_STRICT_PROTOTYPES = YES;
				CLANG_WARN_SUSPICIOUS_MOVE = YES;
				CLANG_WARN_UNGUARDED_AVAILABILITY = YES_AGGRESSIVE;
				CLANG_WARN_UNREACHABLE_CODE = YES;
				CLANG_WARN__DUPLICATE_METHOD_MATCH = YES;
				COPY_PHASE_STRIP = NO;
				DEBUG_INFORMATION_FORMAT = dwarf;
				ENABLE_STRICT_OBJC_MSGSEND = YES;
				ENABLE_TESTABILITY = YES;
				GCC_C_LANGUAGE_STANDARD = gnu11;
				GCC_DYNAMIC_NO_PIC = NO;
				GCC_NO_COMMON_BLOCKS = YES;
				GCC_OPTIMIZATION_LEVEL = 0;
				GCC_PREPROCESSOR_DEFINITIONS = (
					"DEBUG=1",
					"$(inherited)",
				);
				GCC_WARN_64_TO_32_BIT_CONVERSION = YES;
				GCC_WARN_ABOUT_RETURN_TYPE = YES_ERROR;
				GCC_WARN_UNDECLARED_SELECTOR = YES;
				GCC_WARN_UNINITIALIZED_AUTOS = YES_AGGRESSIVE;
				GCC_WARN_UNUSED_FUNCTION = YES;
				GCC_WARN_UNUSED_VARIABLE = YES;
				IPHONEOS_DEPLOYMENT_TARGET = 15.0;
				MTL_ENABLE_DEBUG_INFO = INCLUDE_SOURCE;
				MTL_FAST_MATH = YES;
				ONLY_ACTIVE_ARCH = YES;
				SDKROOT = iphoneos;
				SWIFT_ACTIVE_COMPILATION_CONDITIONS = DEBUG;
				SWIFT_OPTIMIZATION_LEVEL = "-Onone";
			};
			name = Debug;
		};
		8442FF1B28E2C9E9003B2E2D /* Release */ = {
			isa = XCBuildConfiguration;
			buildSettings = {
				ALWAYS_SEARCH_USER_PATHS = NO;
				CLANG_ANALYZER_NONNULL = YES;
				CLANG_ANALYZER_NUMBER_OBJECT_CONVERSION = YES_AGGRESSIVE;
				CLANG_CXX_LANGUAGE_STANDARD = "gnu++17";
				CLANG_CXX_LIBRARY = "libc++";
				CLANG_ENABLE_MODULES = YES;
				CLANG_ENABLE_OBJC_ARC = YES;
				CLANG_ENABLE_OBJC_WEAK = YES;
				CLANG_WARN_BLOCK_CAPTURE_AUTORELEASING = YES;
				CLANG_WARN_BOOL_CONVERSION = YES;
				CLANG_WARN_COMMA = YES;
				CLANG_WARN_CONSTANT_CONVERSION = YES;
				CLANG_WARN_DEPRECATED_OBJC_IMPLEMENTATIONS = YES;
				CLANG_WARN_DIRECT_OBJC_ISA_USAGE = YES_ERROR;
				CLANG_WARN_DOCUMENTATION_COMMENTS = YES;
				CLANG_WARN_EMPTY_BODY = YES;
				CLANG_WARN_ENUM_CONVERSION = YES;
				CLANG_WARN_INFINITE_RECURSION = YES;
				CLANG_WARN_INT_CONVERSION = YES;
				CLANG_WARN_NON_LITERAL_NULL_CONVERSION = YES;
				CLANG_WARN_OBJC_IMPLICIT_RETAIN_SELF = YES;
				CLANG_WARN_OBJC_LITERAL_CONVERSION = YES;
				CLANG_WARN_OBJC_ROOT_CLASS = YES_ERROR;
				CLANG_WARN_QUOTED_INCLUDE_IN_FRAMEWORK_HEADER = YES;
				CLANG_WARN_RANGE_LOOP_ANALYSIS = YES;
				CLANG_WARN_STRICT_PROTOTYPES = YES;
				CLANG_WARN_SUSPICIOUS_MOVE = YES;
				CLANG_WARN_UNGUARDED_AVAILABILITY = YES_AGGRESSIVE;
				CLANG_WARN_UNREACHABLE_CODE = YES;
				CLANG_WARN__DUPLICATE_METHOD_MATCH = YES;
				COPY_PHASE_STRIP = NO;
				DEBUG_INFORMATION_FORMAT = "dwarf-with-dsym";
				ENABLE_NS_ASSERTIONS = NO;
				ENABLE_STRICT_OBJC_MSGSEND = YES;
				GCC_C_LANGUAGE_STANDARD = gnu11;
				GCC_NO_COMMON_BLOCKS = YES;
				GCC_WARN_64_TO_32_BIT_CONVERSION = YES;
				GCC_WARN_ABOUT_RETURN_TYPE = YES_ERROR;
				GCC_WARN_UNDECLARED_SELECTOR = YES;
				GCC_WARN_UNINITIALIZED_AUTOS = YES_AGGRESSIVE;
				GCC_WARN_UNUSED_FUNCTION = YES;
				GCC_WARN_UNUSED_VARIABLE = YES;
				IPHONEOS_DEPLOYMENT_TARGET = 15.0;
				MTL_ENABLE_DEBUG_INFO = NO;
				MTL_FAST_MATH = YES;
				SDKROOT = iphoneos;
				SWIFT_COMPILATION_MODE = wholemodule;
				SWIFT_OPTIMIZATION_LEVEL = "-O";
				VALIDATE_PRODUCT = YES;
			};
			name = Release;
		};
		8442FF1D28E2C9E9003B2E2D /* Debug */ = {
			isa = XCBuildConfiguration;
			baseConfigurationReference = 99DD590B6AEE938BE59F368C /* Pods-swiftlintdemo.debug.xcconfig */;
			buildSettings = {
				ASSETCATALOG_COMPILER_APPICON_NAME = AppIcon;
				ASSETCATALOG_COMPILER_GLOBAL_ACCENT_COLOR_NAME = AccentColor;
				CODE_SIGN_STYLE = Automatic;
				CURRENT_PROJECT_VERSION = 1;
				GENERATE_INFOPLIST_FILE = YES;
				INFOPLIST_FILE = swiftlintdemo/Info.plist;
				INFOPLIST_KEY_UIApplicationSupportsIndirectInputEvents = YES;
				INFOPLIST_KEY_UILaunchStoryboardName = LaunchScreen;
				INFOPLIST_KEY_UIMainStoryboardFile = Main;
				INFOPLIST_KEY_UISupportedInterfaceOrientations_iPad = "UIInterfaceOrientationPortrait UIInterfaceOrientationPortraitUpsideDown UIInterfaceOrientationLandscapeLeft UIInterfaceOrientationLandscapeRight";
				INFOPLIST_KEY_UISupportedInterfaceOrientations_iPhone = "UIInterfaceOrientationPortrait UIInterfaceOrientationLandscapeLeft UIInterfaceOrientationLandscapeRight";
				LD_RUNPATH_SEARCH_PATHS = (
					"$(inherited)",
					"@executable_path/Frameworks",
				);
				MARKETING_VERSION = 1.0;
				PRODUCT_BUNDLE_IDENTIFIER = com.cripsontech.swiftlintdemo;
				PRODUCT_NAME = "$(TARGET_NAME)";
				SWIFT_EMIT_LOC_STRINGS = YES;
				SWIFT_VERSION = 5.0;
				TARGETED_DEVICE_FAMILY = "1,2";
			};
			name = Debug;
		};
		8442FF1E28E2C9E9003B2E2D /* Release */ = {
			isa = XCBuildConfiguration;
			baseConfigurationReference = 4B00F7A5057EF29F91A1BF64 /* Pods-swiftlintdemo.release.xcconfig */;
			buildSettings = {
				ASSETCATALOG_COMPILER_APPICON_NAME = AppIcon;
				ASSETCATALOG_COMPILER_GLOBAL_ACCENT_COLOR_NAME = AccentColor;
				CODE_SIGN_STYLE = Automatic;
				CURRENT_PROJECT_VERSION = 1;
				GENERATE_INFOPLIST_FILE = YES;
				INFOPLIST_FILE = swiftlintdemo/Info.plist;
				INFOPLIST_KEY_UIApplicationSupportsIndirectInputEvents = YES;
				INFOPLIST_KEY_UILaunchStoryboardName = LaunchScreen;
				INFOPLIST_KEY_UIMainStoryboardFile = Main;
				INFOPLIST_KEY_UISupportedInterfaceOrientations_iPad = "UIInterfaceOrientationPortrait UIInterfaceOrientationPortraitUpsideDown UIInterfaceOrientationLandscapeLeft UIInterfaceOrientationLandscapeRight";
				INFOPLIST_KEY_UISupportedInterfaceOrientations_iPhone = "UIInterfaceOrientationPortrait UIInterfaceOrientationLandscapeLeft UIInterfaceOrientationLandscapeRight";
				LD_RUNPATH_SEARCH_PATHS = (
					"$(inherited)",
					"@executable_path/Frameworks",
				);
				MARKETING_VERSION = 1.0;
				PRODUCT_BUNDLE_IDENTIFIER = com.cripsontech.swiftlintdemo;
				PRODUCT_NAME = "$(TARGET_NAME)";
				SWIFT_EMIT_LOC_STRINGS = YES;
				SWIFT_VERSION = 5.0;
				TARGETED_DEVICE_FAMILY = "1,2";
			};
			name = Release;
		};
/* End XCBuildConfiguration section */

/* Begin XCConfigurationList section */
		8442FF0328E2C9E7003B2E2D /* Build configuration list for PBXProject "swiftlintdemo" */ = {
			isa = XCConfigurationList;
			buildConfigurations = (
				8442FF1A28E2C9E9003B2E2D /* Debug */,
				8442FF1B28E2C9E9003B2E2D /* Release */,
			);
			defaultConfigurationIsVisible = 0;
			defaultConfigurationName = Release;
		};
		8442FF1C28E2C9E9003B2E2D /* Build configuration list for PBXNativeTarget "swiftlintdemo" */ = {
			isa = XCConfigurationList;
			buildConfigurations = (
				8442FF1D28E2C9E9003B2E2D /* Debug */,
				8442FF1E28E2C9E9003B2E2D /* Release */,
			);
			defaultConfigurationIsVisible = 0;
			defaultConfigurationName = Release;
		};
/* End XCConfigurationList section */
	};
	rootObject = 8442FF0028E2C9E7003B2E2D /* Project object */;
}
